{
  "requires": true,
  "lockfileVersion": 1,
  "dependencies": {
    "help": {
      "version": "3.0.2",
      "resolved": "https://registry.npmjs.org/help/-/help-3.0.2.tgz",
      "integrity": "sha1-luGQ1KCkU7icLLSwWrOOOo+f2t0="
    },
    "vim-language-server": {
      "version": "2.2.5",
      "resolved": "https://registry.npmjs.org/vim-language-server/-/vim-language-server-2.2.5.tgz",
      "integrity": "sha512-893GcGS5oFjBK2Dakdl4I0x8rtkgI+TOi44M9PmFU6YV+kwoLIRAxIcoF55rGiHFESCq98C+yjWn1OXznWgm7A=="
    }
  }
}
